// !$*UTF8*$!
{
	archiveVersion = 1;
	classes = {
	};
	objectVersion = 46;
	objects = {

/* Begin PBXBuildFile section */
		4B1EEA61160E1FF5006B18EF /* QuartzCore.framework in Frameworks */ = {isa = PBXBuildFile; fileRef = 4B1EEA60160E1FF5006B18EF /* QuartzCore.framework */; };
		4B1EEA67160E2007006B18EF /* SVProgressHUD.bundle in Resources */ = {isa = PBXBuildFile; fileRef = 4B1EEA64160E2007006B18EF /* SVProgressHUD.bundle */; };
		4B1EEA68160E2007006B18EF /* SVProgressHUD.m in Sources */ = {isa = PBXBuildFile; fileRef = 4B1EEA66160E2007006B18EF /* SVProgressHUD.m */; };
		4B2948B9160EA2BA00A657AA /* DRTableViewController.m in Sources */ = {isa = PBXBuildFile; fileRef = 4B2948B8160EA2BA00A657AA /* DRTableViewController.m */; };
		4B6983FC160FDBCD00E0D523 /* ARView.m in Sources */ = {isa = PBXBuildFile; fileRef = 4B6983FB160FDBCD00E0D523 /* ARView.m */; };
		4B698407160FDCE800E0D523 /* CoreMotion.framework in Frameworks */ = {isa = PBXBuildFile; fileRef = 4B698406160FDCE800E0D523 /* CoreMotion.framework */; };
		4B69840E160FDD5600E0D523 /* AVFoundation.framework in Frameworks */ = {isa = PBXBuildFile; fileRef = 4B69840D160FDD5600E0D523 /* AVFoundation.framework */; };
		AF11CC5D1608CCBC00F8B5C2 /* DRStationsViewController.m in Sources */ = {isa = PBXBuildFile; fileRef = AF11CC5C1608CCBC00F8B5C2 /* DRStationsViewController.m */; };
		AF11CC611608CCCE00F8B5C2 /* DRStationViewController.m in Sources */ = {isa = PBXBuildFile; fileRef = AF11CC601608CCCE00F8B5C2 /* DRStationViewController.m */; };
		AF11CC641608CCEE00F8B5C2 /* DRMapViewController.m in Sources */ = {isa = PBXBuildFile; fileRef = AF11CC631608CCEE00F8B5C2 /* DRMapViewController.m */; };
		AF11CC661608D33900F8B5C2 /* CoreLocation.framework in Frameworks */ = {isa = PBXBuildFile; fileRef = AF11CC651608D33900F8B5C2 /* CoreLocation.framework */; };
		AF11CC6A1608E9B900F8B5C2 /* SMXMLDocument.m in Sources */ = {isa = PBXBuildFile; fileRef = AF11CC691608E9B900F8B5C2 /* SMXMLDocument.m */; };
		AF11CC6D1608F0BF00F8B5C2 /* NSString+HTML.m in Sources */ = {isa = PBXBuildFile; fileRef = AF11CC6C1608F0BF00F8B5C2 /* NSString+HTML.m */; settings = {COMPILER_FLAGS = "-fno-objc-arc"; }; };
		AF11CC721608F20200F8B5C2 /* GTMNSString+HTML.m in Sources */ = {isa = PBXBuildFile; fileRef = AF11CC711608F20200F8B5C2 /* GTMNSString+HTML.m */; settings = {COMPILER_FLAGS = "-fno-objc-arc"; }; };
		AF54DF731607C67400536F1C /* DRHelper.m in Sources */ = {isa = PBXBuildFile; fileRef = AF54DF721607C67400536F1C /* DRHelper.m */; };
		AF54DF761607C6AE00536F1C /* DRStation.m in Sources */ = {isa = PBXBuildFile; fileRef = AF54DF751607C6AE00536F1C /* DRStation.m */; };
		AF54DF8B1607C8AB00536F1C /* AFHTTPClient.m in Sources */ = {isa = PBXBuildFile; fileRef = AF54DF791607C8AB00536F1C /* AFHTTPClient.m */; };
		AF54DF8C1607C8AB00536F1C /* AFHTTPRequestOperation.m in Sources */ = {isa = PBXBuildFile; fileRef = AF54DF7B1607C8AB00536F1C /* AFHTTPRequestOperation.m */; };
		AF54DF8D1607C8AB00536F1C /* AFImageRequestOperation.m in Sources */ = {isa = PBXBuildFile; fileRef = AF54DF7D1607C8AB00536F1C /* AFImageRequestOperation.m */; };
		AF54DF8E1607C8AB00536F1C /* AFJSONRequestOperation.m in Sources */ = {isa = PBXBuildFile; fileRef = AF54DF7F1607C8AB00536F1C /* AFJSONRequestOperation.m */; };
		AF54DF8F1607C8AB00536F1C /* AFNetworkActivityIndicatorManager.m in Sources */ = {isa = PBXBuildFile; fileRef = AF54DF811607C8AB00536F1C /* AFNetworkActivityIndicatorManager.m */; };
		AF54DF901607C8AB00536F1C /* AFPropertyListRequestOperation.m in Sources */ = {isa = PBXBuildFile; fileRef = AF54DF841607C8AB00536F1C /* AFPropertyListRequestOperation.m */; };
		AF54DF911607C8AB00536F1C /* AFURLConnectionOperation.m in Sources */ = {isa = PBXBuildFile; fileRef = AF54DF861607C8AB00536F1C /* AFURLConnectionOperation.m */; };
		AF54DF921607C8AB00536F1C /* AFXMLRequestOperation.m in Sources */ = {isa = PBXBuildFile; fileRef = AF54DF881607C8AB00536F1C /* AFXMLRequestOperation.m */; };
		AF54DF931607C8AB00536F1C /* UIImageView+AFNetworking.m in Sources */ = {isa = PBXBuildFile; fileRef = AF54DF8A1607C8AB00536F1C /* UIImageView+AFNetworking.m */; };
		AFE05B46160784B700553B26 /* UIKit.framework in Frameworks */ = {isa = PBXBuildFile; fileRef = AFE05B45160784B700553B26 /* UIKit.framework */; };
		AFE05B48160784B700553B26 /* Foundation.framework in Frameworks */ = {isa = PBXBuildFile; fileRef = AFE05B47160784B700553B26 /* Foundation.framework */; };
		AFE05B4A160784B700553B26 /* CoreGraphics.framework in Frameworks */ = {isa = PBXBuildFile; fileRef = AFE05B49160784B700553B26 /* CoreGraphics.framework */; };
		AFE05B50160784B700553B26 /* InfoPlist.strings in Resources */ = {isa = PBXBuildFile; fileRef = AFE05B4E160784B700553B26 /* InfoPlist.strings */; };
		AFE05B52160784B700553B26 /* main.m in Sources */ = {isa = PBXBuildFile; fileRef = AFE05B51160784B700553B26 /* main.m */; };
		AFE05B56160784B700553B26 /* DRAppDelegate.m in Sources */ = {isa = PBXBuildFile; fileRef = AFE05B55160784B700553B26 /* DRAppDelegate.m */; };
		AFE05B58160784B700553B26 /* Default.png in Resources */ = {isa = PBXBuildFile; fileRef = AFE05B57160784B700553B26 /* Default.png */; };
		AFE05B5A160784B700553B26 /* Default@2x.png in Resources */ = {isa = PBXBuildFile; fileRef = AFE05B59160784B700553B26 /* Default@2x.png */; };
		AFE05B5C160784B700553B26 /* Default-568h@2x.png in Resources */ = {isa = PBXBuildFile; fileRef = AFE05B5B160784B700553B26 /* Default-568h@2x.png */; };
		AFE05B5F160784B700553B26 /* MainStoryboard.storyboard in Resources */ = {isa = PBXBuildFile; fileRef = AFE05B5D160784B700553B26 /* MainStoryboard.storyboard */; };
		AFE05B7916079E4A00553B26 /* DRStationStorage.m in Sources */ = {isa = PBXBuildFile; fileRef = AFE05B7816079E4A00553B26 /* DRStationStorage.m */; };
		AFF3DBAB1607EA7E00282B95 /* MapKit.framework in Frameworks */ = {isa = PBXBuildFile; fileRef = AFF3DBAA1607EA7E00282B95 /* MapKit.framework */; };
/* End PBXBuildFile section */

/* Begin PBXFileReference section */
		4B1EEA60160E1FF5006B18EF /* QuartzCore.framework */ = {isa = PBXFileReference; lastKnownFileType = wrapper.framework; name = QuartzCore.framework; path = System/Library/Frameworks/QuartzCore.framework; sourceTree = SDKROOT; };
		4B1EEA64160E2007006B18EF /* SVProgressHUD.bundle */ = {isa = PBXFileReference; lastKnownFileType = "wrapper.plug-in"; path = SVProgressHUD.bundle; sourceTree = "<group>"; };
		4B1EEA65160E2007006B18EF /* SVProgressHUD.h */ = {isa = PBXFileReference; fileEncoding = 4; lastKnownFileType = sourcecode.c.h; path = SVProgressHUD.h; sourceTree = "<group>"; };
		4B1EEA66160E2007006B18EF /* SVProgressHUD.m */ = {isa = PBXFileReference; fileEncoding = 4; lastKnownFileType = sourcecode.c.objc; path = SVProgressHUD.m; sourceTree = "<group>"; };
		4B2948B7160EA2BA00A657AA /* DRTableViewController.h */ = {isa = PBXFileReference; fileEncoding = 4; lastKnownFileType = sourcecode.c.h; path = DRTableViewController.h; sourceTree = "<group>"; };
		4B2948B8160EA2BA00A657AA /* DRTableViewController.m */ = {isa = PBXFileReference; fileEncoding = 4; lastKnownFileType = sourcecode.c.objc; path = DRTableViewController.m; sourceTree = "<group>"; };
		4B6983FA160FDBCD00E0D523 /* ARView.h */ = {isa = PBXFileReference; fileEncoding = 4; lastKnownFileType = sourcecode.c.h; path = ARView.h; sourceTree = "<group>"; };
		4B6983FB160FDBCD00E0D523 /* ARView.m */ = {isa = PBXFileReference; fileEncoding = 4; lastKnownFileType = sourcecode.c.objc; path = ARView.m; sourceTree = "<group>"; };
		4B698406160FDCE800E0D523 /* CoreMotion.framework */ = {isa = PBXFileReference; lastKnownFileType = wrapper.framework; name = CoreMotion.framework; path = System/Library/Frameworks/CoreMotion.framework; sourceTree = SDKROOT; };
		4B69840D160FDD5600E0D523 /* AVFoundation.framework */ = {isa = PBXFileReference; lastKnownFileType = wrapper.framework; name = AVFoundation.framework; path = System/Library/Frameworks/AVFoundation.framework; sourceTree = SDKROOT; };
		AF11CC5B1608CCBC00F8B5C2 /* DRStationsViewController.h */ = {isa = PBXFileReference; fileEncoding = 4; lastKnownFileType = sourcecode.c.h; path = DRStationsViewController.h; sourceTree = "<group>"; };
		AF11CC5C1608CCBC00F8B5C2 /* DRStationsViewController.m */ = {isa = PBXFileReference; fileEncoding = 4; lastKnownFileType = sourcecode.c.objc; path = DRStationsViewController.m; sourceTree = "<group>"; };
		AF11CC5F1608CCCE00F8B5C2 /* DRStationViewController.h */ = {isa = PBXFileReference; fileEncoding = 4; lastKnownFileType = sourcecode.c.h; path = DRStationViewController.h; sourceTree = "<group>"; };
		AF11CC601608CCCE00F8B5C2 /* DRStationViewController.m */ = {isa = PBXFileReference; fileEncoding = 4; lastKnownFileType = sourcecode.c.objc; path = DRStationViewController.m; sourceTree = "<group>"; };
		AF11CC621608CCEE00F8B5C2 /* DRMapViewController.h */ = {isa = PBXFileReference; fileEncoding = 4; lastKnownFileType = sourcecode.c.h; path = DRMapViewController.h; sourceTree = "<group>"; };
		AF11CC631608CCEE00F8B5C2 /* DRMapViewController.m */ = {isa = PBXFileReference; fileEncoding = 4; lastKnownFileType = sourcecode.c.objc; path = DRMapViewController.m; sourceTree = "<group>"; };
		AF11CC651608D33900F8B5C2 /* CoreLocation.framework */ = {isa = PBXFileReference; lastKnownFileType = wrapper.framework; name = CoreLocation.framework; path = System/Library/Frameworks/CoreLocation.framework; sourceTree = SDKROOT; };
		AF11CC681608E9B900F8B5C2 /* SMXMLDocument.h */ = {isa = PBXFileReference; fileEncoding = 4; lastKnownFileType = sourcecode.c.h; name = SMXMLDocument.h; path = ../xmldocument/SMXMLDocument.h; sourceTree = "<group>"; };
		AF11CC691608E9B900F8B5C2 /* SMXMLDocument.m */ = {isa = PBXFileReference; fileEncoding = 4; lastKnownFileType = sourcecode.c.objc; name = SMXMLDocument.m; path = ../xmldocument/SMXMLDocument.m; sourceTree = "<group>"; };
		AF11CC6B1608F0BF00F8B5C2 /* NSString+HTML.h */ = {isa = PBXFileReference; fileEncoding = 4; lastKnownFileType = sourcecode.c.h; path = "NSString+HTML.h"; sourceTree = "<group>"; };
		AF11CC6C1608F0BF00F8B5C2 /* NSString+HTML.m */ = {isa = PBXFileReference; fileEncoding = 4; lastKnownFileType = sourcecode.c.objc; path = "NSString+HTML.m"; sourceTree = "<group>"; };
		AF11CC6E1608F1C300F8B5C2 /* GTMNSString+HTML.h */ = {isa = PBXFileReference; fileEncoding = 4; lastKnownFileType = sourcecode.c.h; path = "GTMNSString+HTML.h"; sourceTree = "<group>"; };
		AF11CC711608F20200F8B5C2 /* GTMNSString+HTML.m */ = {isa = PBXFileReference; fileEncoding = 4; lastKnownFileType = sourcecode.c.objc; path = "GTMNSString+HTML.m"; sourceTree = "<group>"; };
		AF54DF711607C67400536F1C /* DRHelper.h */ = {isa = PBXFileReference; fileEncoding = 4; lastKnownFileType = sourcecode.c.h; path = DRHelper.h; sourceTree = "<group>"; };
		AF54DF721607C67400536F1C /* DRHelper.m */ = {isa = PBXFileReference; fileEncoding = 4; lastKnownFileType = sourcecode.c.objc; path = DRHelper.m; sourceTree = "<group>"; };
		AF54DF741607C6AE00536F1C /* DRStation.h */ = {isa = PBXFileReference; fileEncoding = 4; lastKnownFileType = sourcecode.c.h; path = DRStation.h; sourceTree = "<group>"; };
		AF54DF751607C6AE00536F1C /* DRStation.m */ = {isa = PBXFileReference; fileEncoding = 4; lastKnownFileType = sourcecode.c.objc; path = DRStation.m; sourceTree = "<group>"; };
		AF54DF781607C8AB00536F1C /* AFHTTPClient.h */ = {isa = PBXFileReference; fileEncoding = 4; lastKnownFileType = sourcecode.c.h; path = AFHTTPClient.h; sourceTree = "<group>"; };
		AF54DF791607C8AB00536F1C /* AFHTTPClient.m */ = {isa = PBXFileReference; fileEncoding = 4; lastKnownFileType = sourcecode.c.objc; path = AFHTTPClient.m; sourceTree = "<group>"; };
		AF54DF7A1607C8AB00536F1C /* AFHTTPRequestOperation.h */ = {isa = PBXFileReference; fileEncoding = 4; lastKnownFileType = sourcecode.c.h; path = AFHTTPRequestOperation.h; sourceTree = "<group>"; };
		AF54DF7B1607C8AB00536F1C /* AFHTTPRequestOperation.m */ = {isa = PBXFileReference; fileEncoding = 4; lastKnownFileType = sourcecode.c.objc; path = AFHTTPRequestOperation.m; sourceTree = "<group>"; };
		AF54DF7C1607C8AB00536F1C /* AFImageRequestOperation.h */ = {isa = PBXFileReference; fileEncoding = 4; lastKnownFileType = sourcecode.c.h; path = AFImageRequestOperation.h; sourceTree = "<group>"; };
		AF54DF7D1607C8AB00536F1C /* AFImageRequestOperation.m */ = {isa = PBXFileReference; fileEncoding = 4; lastKnownFileType = sourcecode.c.objc; path = AFImageRequestOperation.m; sourceTree = "<group>"; };
		AF54DF7E1607C8AB00536F1C /* AFJSONRequestOperation.h */ = {isa = PBXFileReference; fileEncoding = 4; lastKnownFileType = sourcecode.c.h; path = AFJSONRequestOperation.h; sourceTree = "<group>"; };
		AF54DF7F1607C8AB00536F1C /* AFJSONRequestOperation.m */ = {isa = PBXFileReference; fileEncoding = 4; lastKnownFileType = sourcecode.c.objc; path = AFJSONRequestOperation.m; sourceTree = "<group>"; };
		AF54DF801607C8AB00536F1C /* AFNetworkActivityIndicatorManager.h */ = {isa = PBXFileReference; fileEncoding = 4; lastKnownFileType = sourcecode.c.h; path = AFNetworkActivityIndicatorManager.h; sourceTree = "<group>"; };
		AF54DF811607C8AB00536F1C /* AFNetworkActivityIndicatorManager.m */ = {isa = PBXFileReference; fileEncoding = 4; lastKnownFileType = sourcecode.c.objc; path = AFNetworkActivityIndicatorManager.m; sourceTree = "<group>"; };
		AF54DF821607C8AB00536F1C /* AFNetworking.h */ = {isa = PBXFileReference; fileEncoding = 4; lastKnownFileType = sourcecode.c.h; path = AFNetworking.h; sourceTree = "<group>"; };
		AF54DF831607C8AB00536F1C /* AFPropertyListRequestOperation.h */ = {isa = PBXFileReference; fileEncoding = 4; lastKnownFileType = sourcecode.c.h; path = AFPropertyListRequestOperation.h; sourceTree = "<group>"; };
		AF54DF841607C8AB00536F1C /* AFPropertyListRequestOperation.m */ = {isa = PBXFileReference; fileEncoding = 4; lastKnownFileType = sourcecode.c.objc; path = AFPropertyListRequestOperation.m; sourceTree = "<group>"; };
		AF54DF851607C8AB00536F1C /* AFURLConnectionOperation.h */ = {isa = PBXFileReference; fileEncoding = 4; lastKnownFileType = sourcecode.c.h; path = AFURLConnectionOperation.h; sourceTree = "<group>"; };
		AF54DF861607C8AB00536F1C /* AFURLConnectionOperation.m */ = {isa = PBXFileReference; fileEncoding = 4; lastKnownFileType = sourcecode.c.objc; path = AFURLConnectionOperation.m; sourceTree = "<group>"; };
		AF54DF871607C8AB00536F1C /* AFXMLRequestOperation.h */ = {isa = PBXFileReference; fileEncoding = 4; lastKnownFileType = sourcecode.c.h; path = AFXMLRequestOperation.h; sourceTree = "<group>"; };
		AF54DF881607C8AB00536F1C /* AFXMLRequestOperation.m */ = {isa = PBXFileReference; fileEncoding = 4; lastKnownFileType = sourcecode.c.objc; path = AFXMLRequestOperation.m; sourceTree = "<group>"; };
		AF54DF891607C8AB00536F1C /* UIImageView+AFNetworking.h */ = {isa = PBXFileReference; fileEncoding = 4; lastKnownFileType = sourcecode.c.h; path = "UIImageView+AFNetworking.h"; sourceTree = "<group>"; };
		AF54DF8A1607C8AB00536F1C /* UIImageView+AFNetworking.m */ = {isa = PBXFileReference; fileEncoding = 4; lastKnownFileType = sourcecode.c.objc; path = "UIImageView+AFNetworking.m"; sourceTree = "<group>"; };
		AFE05B41160784B700553B26 /* EcoBici.app */ = {isa = PBXFileReference; explicitFileType = wrapper.application; includeInIndex = 0; path = EcoBici.app; sourceTree = BUILT_PRODUCTS_DIR; };
		AFE05B45160784B700553B26 /* UIKit.framework */ = {isa = PBXFileReference; lastKnownFileType = wrapper.framework; name = UIKit.framework; path = System/Library/Frameworks/UIKit.framework; sourceTree = SDKROOT; };
		AFE05B47160784B700553B26 /* Foundation.framework */ = {isa = PBXFileReference; lastKnownFileType = wrapper.framework; name = Foundation.framework; path = System/Library/Frameworks/Foundation.framework; sourceTree = SDKROOT; };
		AFE05B49160784B700553B26 /* CoreGraphics.framework */ = {isa = PBXFileReference; lastKnownFileType = wrapper.framework; name = CoreGraphics.framework; path = System/Library/Frameworks/CoreGraphics.framework; sourceTree = SDKROOT; };
		AFE05B4D160784B700553B26 /* EcoBici-Info.plist */ = {isa = PBXFileReference; lastKnownFileType = text.plist.xml; path = "EcoBici-Info.plist"; sourceTree = "<group>"; };
		AFE05B4F160784B700553B26 /* en */ = {isa = PBXFileReference; lastKnownFileType = text.plist.strings; name = en; path = en.lproj/InfoPlist.strings; sourceTree = "<group>"; };
		AFE05B51160784B700553B26 /* main.m */ = {isa = PBXFileReference; lastKnownFileType = sourcecode.c.objc; path = main.m; sourceTree = "<group>"; };
		AFE05B53160784B700553B26 /* EcoBici-Prefix.pch */ = {isa = PBXFileReference; lastKnownFileType = sourcecode.c.h; path = "EcoBici-Prefix.pch"; sourceTree = "<group>"; };
		AFE05B54160784B700553B26 /* DRAppDelegate.h */ = {isa = PBXFileReference; lastKnownFileType = sourcecode.c.h; path = DRAppDelegate.h; sourceTree = "<group>"; };
		AFE05B55160784B700553B26 /* DRAppDelegate.m */ = {isa = PBXFileReference; lastKnownFileType = sourcecode.c.objc; path = DRAppDelegate.m; sourceTree = "<group>"; };
		AFE05B57160784B700553B26 /* Default.png */ = {isa = PBXFileReference; lastKnownFileType = image.png; path = Default.png; sourceTree = "<group>"; };
		AFE05B59160784B700553B26 /* Default@2x.png */ = {isa = PBXFileReference; lastKnownFileType = image.png; path = "Default@2x.png"; sourceTree = "<group>"; };
		AFE05B5B160784B700553B26 /* Default-568h@2x.png */ = {isa = PBXFileReference; lastKnownFileType = image.png; path = "Default-568h@2x.png"; sourceTree = "<group>"; };
		AFE05B5E160784B700553B26 /* en */ = {isa = PBXFileReference; lastKnownFileType = file.storyboard; name = en; path = en.lproj/MainStoryboard.storyboard; sourceTree = "<group>"; };
		AFE05B7716079E4A00553B26 /* DRStationStorage.h */ = {isa = PBXFileReference; fileEncoding = 4; lastKnownFileType = sourcecode.c.h; path = DRStationStorage.h; sourceTree = "<group>"; };
		AFE05B7816079E4A00553B26 /* DRStationStorage.m */ = {isa = PBXFileReference; fileEncoding = 4; lastKnownFileType = sourcecode.c.objc; path = DRStationStorage.m; sourceTree = "<group>"; };
		AFF3DBAA1607EA7E00282B95 /* MapKit.framework */ = {isa = PBXFileReference; lastKnownFileType = wrapper.framework; name = MapKit.framework; path = System/Library/Frameworks/MapKit.framework; sourceTree = SDKROOT; };
/* End PBXFileReference section */

/* Begin PBXFrameworksBuildPhase section */
		AFE05B3E160784B700553B26 /* Frameworks */ = {
			isa = PBXFrameworksBuildPhase;
			buildActionMask = 2147483647;
			files = (
				4B69840E160FDD5600E0D523 /* AVFoundation.framework in Frameworks */,
				4B698407160FDCE800E0D523 /* CoreMotion.framework in Frameworks */,
				4B1EEA61160E1FF5006B18EF /* QuartzCore.framework in Frameworks */,
				AF11CC661608D33900F8B5C2 /* CoreLocation.framework in Frameworks */,
				AFF3DBAB1607EA7E00282B95 /* MapKit.framework in Frameworks */,
				AFE05B46160784B700553B26 /* UIKit.framework in Frameworks */,
				AFE05B48160784B700553B26 /* Foundation.framework in Frameworks */,
				AFE05B4A160784B700553B26 /* CoreGraphics.framework in Frameworks */,
			);
			runOnlyForDeploymentPostprocessing = 0;
		};
/* End PBXFrameworksBuildPhase section */

/* Begin PBXGroup section */
		4B1EEA63160E2007006B18EF /* SVProgressHUD */ = {
			isa = PBXGroup;
			children = (
				4B1EEA64160E2007006B18EF /* SVProgressHUD.bundle */,
				4B1EEA65160E2007006B18EF /* SVProgressHUD.h */,
				4B1EEA66160E2007006B18EF /* SVProgressHUD.m */,
			);
			name = SVProgressHUD;
			path = ../SVProgressHUD/SVProgressHUD;
			sourceTree = "<group>";
		};
		4B6983F9160FDBCD00E0D523 /* External */ = {
			isa = PBXGroup;
			children = (
				4B6983FA160FDBCD00E0D523 /* ARView.h */,
				4B6983FB160FDBCD00E0D523 /* ARView.m */,
			);
			path = External;
			sourceTree = "<group>";
		};
		AF11CC671608E9A800F8B5C2 /* xmldocument */ = {
			isa = PBXGroup;
			children = (
				AF11CC681608E9B900F8B5C2 /* SMXMLDocument.h */,
				AF11CC691608E9B900F8B5C2 /* SMXMLDocument.m */,
			);
			name = xmldocument;
			sourceTree = "<group>";
		};
		AF54DF771607C8AB00536F1C /* AFNetworking */ = {
			isa = PBXGroup;
			children = (
				AF54DF781607C8AB00536F1C /* AFHTTPClient.h */,
				AF54DF791607C8AB00536F1C /* AFHTTPClient.m */,
				AF54DF7A1607C8AB00536F1C /* AFHTTPRequestOperation.h */,
				AF54DF7B1607C8AB00536F1C /* AFHTTPRequestOperation.m */,
				AF54DF7C1607C8AB00536F1C /* AFImageRequestOperation.h */,
				AF54DF7D1607C8AB00536F1C /* AFImageRequestOperation.m */,
				AF54DF7E1607C8AB00536F1C /* AFJSONRequestOperation.h */,
				AF54DF7F1607C8AB00536F1C /* AFJSONRequestOperation.m */,
				AF54DF801607C8AB00536F1C /* AFNetworkActivityIndicatorManager.h */,
				AF54DF811607C8AB00536F1C /* AFNetworkActivityIndicatorManager.m */,
				AF54DF821607C8AB00536F1C /* AFNetworking.h */,
				AF54DF831607C8AB00536F1C /* AFPropertyListRequestOperation.h */,
				AF54DF841607C8AB00536F1C /* AFPropertyListRequestOperation.m */,
				AF54DF851607C8AB00536F1C /* AFURLConnectionOperation.h */,
				AF54DF861607C8AB00536F1C /* AFURLConnectionOperation.m */,
				AF54DF871607C8AB00536F1C /* AFXMLRequestOperation.h */,
				AF54DF881607C8AB00536F1C /* AFXMLRequestOperation.m */,
				AF54DF891607C8AB00536F1C /* UIImageView+AFNetworking.h */,
				AF54DF8A1607C8AB00536F1C /* UIImageView+AFNetworking.m */,
			);
			name = AFNetworking;
			path = ../AFNetworking/AFNetworking;
			sourceTree = "<group>";
		};
		AFE05B36160784B700553B26 = {
			isa = PBXGroup;
			children = (
				4B6983F9160FDBCD00E0D523 /* External */,
				4B1EEA63160E2007006B18EF /* SVProgressHUD */,
				AF11CC671608E9A800F8B5C2 /* xmldocument */,
				AF54DF771607C8AB00536F1C /* AFNetworking */,
				AFE05B4B160784B700553B26 /* EcoBici */,
				AFE05B44160784B700553B26 /* Frameworks */,
				AFE05B42160784B700553B26 /* Products */,
			);
			sourceTree = "<group>";
		};
		AFE05B42160784B700553B26 /* Products */ = {
			isa = PBXGroup;
			children = (
				AFE05B41160784B700553B26 /* EcoBici.app */,
			);
			name = Products;
			sourceTree = "<group>";
		};
		AFE05B44160784B700553B26 /* Frameworks */ = {
			isa = PBXGroup;
			children = (
				4B69840D160FDD5600E0D523 /* AVFoundation.framework */,
				4B698406160FDCE800E0D523 /* CoreMotion.framework */,
				4B1EEA60160E1FF5006B18EF /* QuartzCore.framework */,
				AF11CC651608D33900F8B5C2 /* CoreLocation.framework */,
				AFF3DBAA1607EA7E00282B95 /* MapKit.framework */,
				AFE05B45160784B700553B26 /* UIKit.framework */,
				AFE05B47160784B700553B26 /* Foundation.framework */,
				AFE05B49160784B700553B26 /* CoreGraphics.framework */,
			);
			name = Frameworks;
			sourceTree = "<group>";
		};
		AFE05B4B160784B700553B26 /* EcoBici */ = {
			isa = PBXGroup;
			children = (
				AFE05B7316079A4F00553B26 /* Classes */,
				AFE05B54160784B700553B26 /* DRAppDelegate.h */,
				AFE05B55160784B700553B26 /* DRAppDelegate.m */,
				AFE05B5D160784B700553B26 /* MainStoryboard.storyboard */,
				AFE05B4C160784B700553B26 /* Supporting Files */,
			);
			path = EcoBici;
			sourceTree = "<group>";
		};
		AFE05B4C160784B700553B26 /* Supporting Files */ = {
			isa = PBXGroup;
			children = (
				AFE05B4D160784B700553B26 /* EcoBici-Info.plist */,
				AFE05B4E160784B700553B26 /* InfoPlist.strings */,
				AFE05B51160784B700553B26 /* main.m */,
				AFE05B53160784B700553B26 /* EcoBici-Prefix.pch */,
				AFE05B57160784B700553B26 /* Default.png */,
				AFE05B59160784B700553B26 /* Default@2x.png */,
				AFE05B5B160784B700553B26 /* Default-568h@2x.png */,
			);
			name = "Supporting Files";
			sourceTree = "<group>";
		};
		AFE05B7316079A4F00553B26 /* Classes */ = {
			isa = PBXGroup;
			children = (
				AFE05B7416079A4F00553B26 /* Data model */,
				AFE05B7516079A4F00553B26 /* Helpers */,
				AFE05B7616079A4F00553B26 /* View controllers */,
			);
			path = Classes;
			sourceTree = "<group>";
		};
		AFE05B7416079A4F00553B26 /* Data model */ = {
			isa = PBXGroup;
			children = (
				AFE05B7716079E4A00553B26 /* DRStationStorage.h */,
				AFE05B7816079E4A00553B26 /* DRStationStorage.m */,
				AF54DF741607C6AE00536F1C /* DRStation.h */,
				AF54DF751607C6AE00536F1C /* DRStation.m */,
			);
			path = "Data model";
			sourceTree = "<group>";
		};
		AFE05B7516079A4F00553B26 /* Helpers */ = {
			isa = PBXGroup;
			children = (
				AF54DF711607C67400536F1C /* DRHelper.h */,
				AF54DF721607C67400536F1C /* DRHelper.m */,
				AF11CC6B1608F0BF00F8B5C2 /* NSString+HTML.h */,
				AF11CC6C1608F0BF00F8B5C2 /* NSString+HTML.m */,
				AF11CC6E1608F1C300F8B5C2 /* GTMNSString+HTML.h */,
				AF11CC711608F20200F8B5C2 /* GTMNSString+HTML.m */,
			);
			path = Helpers;
			sourceTree = "<group>";
		};
		AFE05B7616079A4F00553B26 /* View controllers */ = {
			isa = PBXGroup;
			children = (
				4B2948B7160EA2BA00A657AA /* DRTableViewController.h */,
				4B2948B8160EA2BA00A657AA /* DRTableViewController.m */,
				AF11CC5B1608CCBC00F8B5C2 /* DRStationsViewController.h */,
				AF11CC5C1608CCBC00F8B5C2 /* DRStationsViewController.m */,
				AF11CC5F1608CCCE00F8B5C2 /* DRStationViewController.h */,
				AF11CC601608CCCE00F8B5C2 /* DRStationViewController.m */,
				AF11CC621608CCEE00F8B5C2 /* DRMapViewController.h */,
				AF11CC631608CCEE00F8B5C2 /* DRMapViewController.m */,
			);
			path = "View controllers";
			sourceTree = "<group>";
		};
/* End PBXGroup section */

/* Begin PBXNativeTarget section */
		AFE05B40160784B700553B26 /* EcoBici */ = {
			isa = PBXNativeTarget;
			buildConfigurationList = AFE05B70160784B700553B26 /* Build configuration list for PBXNativeTarget "EcoBici" */;
			buildPhases = (
				AFE05B3D160784B700553B26 /* Sources */,
				AFE05B3E160784B700553B26 /* Frameworks */,
				AFE05B3F160784B700553B26 /* Resources */,
			);
			buildRules = (
			);
			dependencies = (
			);
			name = EcoBici;
			productName = EcoBici;
			productReference = AFE05B41160784B700553B26 /* EcoBici.app */;
			productType = "com.apple.product-type.application";
		};
/* End PBXNativeTarget section */

/* Begin PBXProject section */
		AFE05B38160784B700553B26 /* Project object */ = {
			isa = PBXProject;
			attributes = {
				CLASSPREFIX = DR;
				LastUpgradeCheck = 0450;
				ORGANIZATIONNAME = Xtr3m0;
			};
			buildConfigurationList = AFE05B3B160784B700553B26 /* Build configuration list for PBXProject "EcoBici" */;
			compatibilityVersion = "Xcode 3.2";
			developmentRegion = English;
			hasScannedForEncodings = 0;
			knownRegions = (
				en,
			);
			mainGroup = AFE05B36160784B700553B26;
			productRefGroup = AFE05B42160784B700553B26 /* Products */;
			projectDirPath = "";
			projectRoot = "";
			targets = (
				AFE05B40160784B700553B26 /* EcoBici */,
			);
		};
/* End PBXProject section */

/* Begin PBXResourcesBuildPhase section */
		AFE05B3F160784B700553B26 /* Resources */ = {
			isa = PBXResourcesBuildPhase;
			buildActionMask = 2147483647;
			files = (
				AFE05B50160784B700553B26 /* InfoPlist.strings in Resources */,
				AFE05B58160784B700553B26 /* Default.png in Resources */,
				AFE05B5A160784B700553B26 /* Default@2x.png in Resources */,
				AFE05B5C160784B700553B26 /* Default-568h@2x.png in Resources */,
				AFE05B5F160784B700553B26 /* MainStoryboard.storyboard in Resources */,
				4B1EEA67160E2007006B18EF /* SVProgressHUD.bundle in Resources */,
			);
			runOnlyForDeploymentPostprocessing = 0;
		};
/* End PBXResourcesBuildPhase section */

/* Begin PBXSourcesBuildPhase section */
		AFE05B3D160784B700553B26 /* Sources */ = {
			isa = PBXSourcesBuildPhase;
			buildActionMask = 2147483647;
			files = (
				AFE05B52160784B700553B26 /* main.m in Sources */,
				AFE05B56160784B700553B26 /* DRAppDelegate.m in Sources */,
				AFE05B7916079E4A00553B26 /* DRStationStorage.m in Sources */,
				AF54DF731607C67400536F1C /* DRHelper.m in Sources */,
				AF54DF761607C6AE00536F1C /* DRStation.m in Sources */,
				AF54DF8B1607C8AB00536F1C /* AFHTTPClient.m in Sources */,
				AF54DF8C1607C8AB00536F1C /* AFHTTPRequestOperation.m in Sources */,
				AF54DF8D1607C8AB00536F1C /* AFImageRequestOperation.m in Sources */,
				AF54DF8E1607C8AB00536F1C /* AFJSONRequestOperation.m in Sources */,
				AF54DF8F1607C8AB00536F1C /* AFNetworkActivityIndicatorManager.m in Sources */,
				AF54DF901607C8AB00536F1C /* AFPropertyListRequestOperation.m in Sources */,
				AF54DF911607C8AB00536F1C /* AFURLConnectionOperation.m in Sources */,
				AF54DF921607C8AB00536F1C /* AFXMLRequestOperation.m in Sources */,
				AF54DF931607C8AB00536F1C /* UIImageView+AFNetworking.m in Sources */,
				AF11CC5D1608CCBC00F8B5C2 /* DRStationsViewController.m in Sources */,
				AF11CC611608CCCE00F8B5C2 /* DRStationViewController.m in Sources */,
				AF11CC641608CCEE00F8B5C2 /* DRMapViewController.m in Sources */,
				AF11CC6A1608E9B900F8B5C2 /* SMXMLDocument.m in Sources */,
				AF11CC6D1608F0BF00F8B5C2 /* NSString+HTML.m in Sources */,
				AF11CC721608F20200F8B5C2 /* GTMNSString+HTML.m in Sources */,
				4B1EEA68160E2007006B18EF /* SVProgressHUD.m in Sources */,
				4B2948B9160EA2BA00A657AA /* DRTableViewController.m in Sources */,
				4B6983FC160FDBCD00E0D523 /* ARView.m in Sources */,
			);
			runOnlyForDeploymentPostprocessing = 0;
		};
/* End PBXSourcesBuildPhase section */

/* Begin PBXVariantGroup section */
		AFE05B4E160784B700553B26 /* InfoPlist.strings */ = {
			isa = PBXVariantGroup;
			children = (
				AFE05B4F160784B700553B26 /* en */,
			);
			name = InfoPlist.strings;
			sourceTree = "<group>";
		};
		AFE05B5D160784B700553B26 /* MainStoryboard.storyboard */ = {
			isa = PBXVariantGroup;
			children = (
				AFE05B5E160784B700553B26 /* en */,
			);
			name = MainStoryboard.storyboard;
			sourceTree = "<group>";
		};
/* End PBXVariantGroup section */

/* Begin XCBuildConfiguration section */
		AFE05B6E160784B700553B26 /* Debug */ = {
			isa = XCBuildConfiguration;
			buildSettings = {
				ALWAYS_SEARCH_USER_PATHS = NO;
				CLANG_CXX_LANGUAGE_STANDARD = "gnu++0x";
				CLANG_CXX_LIBRARY = "libc++";
				CLANG_ENABLE_OBJC_ARC = YES;
				CLANG_WARN_EMPTY_BODY = YES;
				CLANG_WARN__DUPLICATE_METHOD_MATCH = YES;
				"CODE_SIGN_IDENTITY[sdk=iphoneos*]" = "iPhone Developer";
				COPY_PHASE_STRIP = NO;
				GCC_C_LANGUAGE_STANDARD = gnu99;
				GCC_DYNAMIC_NO_PIC = NO;
				GCC_OPTIMIZATION_LEVEL = 0;
				GCC_PREPROCESSOR_DEFINITIONS = (
					"DEBUG=1",
					"$(inherited)",
				);
				GCC_SYMBOLS_PRIVATE_EXTERN = NO;
				GCC_WARN_ABOUT_RETURN_TYPE = YES;
				GCC_WARN_UNINITIALIZED_AUTOS = YES;
				GCC_WARN_UNUSED_VARIABLE = YES;
				IPHONEOS_DEPLOYMENT_TARGET = 5.0;
				SDKROOT = iphoneos;
			};
			name = Debug;
		};
		AFE05B6F160784B700553B26 /* Release */ = {
			isa = XCBuildConfiguration;
			buildSettings = {
				ALWAYS_SEARCH_USER_PATHS = NO;
				CLANG_CXX_LANGUAGE_STANDARD = "gnu++0x";
				CLANG_CXX_LIBRARY = "libc++";
				CLANG_ENABLE_OBJC_ARC = YES;
				CLANG_WARN_EMPTY_BODY = YES;
				CLANG_WARN__DUPLICATE_METHOD_MATCH = YES;
				"CODE_SIGN_IDENTITY[sdk=iphoneos*]" = "iPhone Developer";
				COPY_PHASE_STRIP = YES;
				GCC_C_LANGUAGE_STANDARD = gnu99;
				GCC_WARN_ABOUT_RETURN_TYPE = YES;
				GCC_WARN_UNINITIALIZED_AUTOS = YES;
				GCC_WARN_UNUSED_VARIABLE = YES;
				IPHONEOS_DEPLOYMENT_TARGET = 5.0;
				OTHER_CFLAGS = "-DNS_BLOCK_ASSERTIONS=1";
				SDKROOT = iphoneos;
				VALIDATE_PRODUCT = YES;
			};
			name = Release;
		};
		AFE05B71160784B700553B26 /* Debug */ = {
			isa = XCBuildConfiguration;
			buildSettings = {
				GCC_PRECOMPILE_PREFIX_HEADER = YES;
				GCC_PREFIX_HEADER = "EcoBici/EcoBici-Prefix.pch";
				INFOPLIST_FILE = "EcoBici/EcoBici-Info.plist";
				IPHONEOS_DEPLOYMENT_TARGET = 5.0;
				PRODUCT_NAME = "$(TARGET_NAME)";
				WRAPPER_EXTENSION = app;
			};
			name = Debug;
		};
		AFE05B72160784B700553B26 /* Release */ = {
			isa = XCBuildConfiguration;
			buildSettings = {
				GCC_PRECOMPILE_PREFIX_HEADER = YES;
				GCC_PREFIX_HEADER = "EcoBici/EcoBici-Prefix.pch";
				INFOPLIST_FILE = "EcoBici/EcoBici-Info.plist";
				IPHONEOS_DEPLOYMENT_TARGET = 5.0;
				PRODUCT_NAME = "$(TARGET_NAME)";
				WRAPPER_EXTENSION = app;
			};
			name = Release;
		};
/* End XCBuildConfiguration section */

/* Begin XCConfigurationList section */
		AFE05B3B160784B700553B26 /* Build configuration list for PBXProject "EcoBici" */ = {
			isa = XCConfigurationList;
			buildConfigurations = (
				AFE05B6E160784B700553B26 /* Debug */,
				AFE05B6F160784B700553B26 /* Release */,
			);
			defaultConfigurationIsVisible = 0;
			defaultConfigurationName = Release;
		};
		AFE05B70160784B700553B26 /* Build configuration list for PBXNativeTarget "EcoBici" */ = {
			isa = XCConfigurationList;
			buildConfigurations = (
				AFE05B71160784B700553B26 /* Debug */,
				AFE05B72160784B700553B26 /* Release */,
			);
			defaultConfigurationIsVisible = 0;
			defaultConfigurationName = Release;
		};
/* End XCConfigurationList section */
	};
	rootObject = AFE05B38160784B700553B26 /* Project object */;
}
